<?xml version="1.0" encoding="utf-8"?>
<Project ToolsVersion="4.0" xmlns="http://schemas.microsoft.com/developer/msbuild/2003">
  <ItemGroup>
    <Filter Include="资源文件">
      <UniqueIdentifier>{67DA6AB6-F800-4c08-8B7A-83BB121AAD01}</UniqueIdentifier>
      <Extensions>rc;ico;cur;bmp;dlg;rc2;rct;bin;rgs;gif;jpg;jpeg;jpe;resx;tiff;tif;png;wav;mfcribbon-ms</Extensions>
    </Filter>
    <Filter Include="src">
      <UniqueIdentifier>{4FC737F1-C7A5-4376-A066-2A32D752A2FF}</UniqueIdentifier>
      <Extensions>cpp;c;cc;cxx;c++;cppm;ixx;def;odl;idl;hpj;bat;asm;asmx</Extensions>
    </Filter>
    <Filter Include="winlib">
      <UniqueIdentifier>{8edce77e-87ca-4cb6-b782-dde2dbea2584}</UniqueIdentifier>
    </Filter>
    <Filter Include="winlib\getopt">
      <UniqueIdentifier>{b4f098b4-30ed-42df-90af-6746f8cabec0}</UniqueIdentifier>
    </Filter>
  </ItemGroup>
  <ItemGroup>
    <ClCompile Include="src\main.cpp">
      <Filter>src</Filter>
    </ClCompile>
    <ClCompile Include="src\stdafx.cpp">
      <Filter>src</Filter>
    </ClCompile>
    <ClCompile Include="winlib\source\getopt\getopt.c">
      <Filter>winlib\getopt</Filter>
    </ClCompile>
    <ClCompile Include="src\util.cpp">
      <Filter>src</Filter>
    </ClCompile>
    <ClCompile Include="src\intraportmap.cpp">
      <Filter>src</Filter>
    </ClCompile>
    <ClCompile Include="src\slog.cpp">
      <Filter>src</Filter>
    </ClCompile>
    <ClCompile Include="src\ipm_server_agent.cpp">
      <Filter>src</Filter>
    </ClCompile>
    <ClCompile Include="src\ipm_client.cpp">
      <Filter>src</Filter>
    </ClCompile>
    <ClCompile Include="src\ipm_server.cpp">
      <Filter>src</Filter>
    </ClCompile>
    <ClCompile Include="src\ipm_client_tunnel.cpp">
      <Filter>src</Filter>
    </ClCompile>
    <ClCompile Include="src\ipm_server_tunnel.cpp">
      <Filter>src</Filter>
    </ClCompile>
    <ClCompile Include="src\crc32.cpp">
      <Filter>src</Filter>
    </ClCompile>
  </ItemGroup>
  <ItemGroup>
    <ClInclude Include="src\stdafx.h">
      <Filter>src</Filter>
    </ClInclude>
    <ClInclude Include="winlib\source\getopt\getopt.h">
      <Filter>winlib\getopt</Filter>
    </ClInclude>
    <ClInclude Include="src\util.h">
      <Filter>src</Filter>
    </ClInclude>
    <ClInclude Include="src\intraportmap.h">
      <Filter>src</Filter>
    </ClInclude>
    <ClInclude Include="src\slog.h">
      <Filter>src</Filter>
    </ClInclude>
    <ClInclude Include="src\ipm_server_agent.h">
      <Filter>src</Filter>
    </ClInclude>
    <ClInclude Include="src\ipm_client.h">
      <Filter>src</Filter>
    </ClInclude>
    <ClInclude Include="src\ipm_server.h">
      <Filter>src</Filter>
    </ClInclude>
    <ClInclude Include="src\ipm_client_tunnel.h">
      <Filter>src</Filter>
    </ClInclude>
    <ClInclude Include="src\ipm_server_tunnel.h">
      <Filter>src</Filter>
    </ClInclude>
    <ClInclude Include="src\ipm_types.h">
      <Filter>src</Filter>
    </ClInclude>
    <ClInclude Include="src\crc32.h">
      <Filter>src</Filter>
    </ClInclude>
  </ItemGroup>
</Project>